// !$*UTF8*$!
{
	archiveVersion = 1;
	classes = {
	};
	objectVersion = 55;
	objects = {

/* Begin PBXBuildFile section */
		652359E42769008A00EB4656 /* FirstClassObject.m in Sources */ = {isa = PBXBuildFile; fileRef = 652359E32769008A00EB4656 /* FirstClassObject.m */; };
		65FCE27D27673D0F00BD253F /* AppDelegate.m in Sources */ = {isa = PBXBuildFile; fileRef = 65FCE27C27673D0F00BD253F /* AppDelegate.m */; };
		65FCE27F27673D0F00BD253F /* ContentView.swift in Sources */ = {isa = PBXBuildFile; fileRef = 65FCE27E27673D0F00BD253F /* ContentView.swift */; };
		65FCE28127673D1000BD253F /* Assets.xcassets in Resources */ = {isa = PBXBuildFile; fileRef = 65FCE28027673D1000BD253F /* Assets.xcassets */; };
		65FCE28427673D1000BD253F /* LaunchScreen.storyboard in Resources */ = {isa = PBXBuildFile; fileRef = 65FCE28227673D1000BD253F /* LaunchScreen.storyboard */; };
		65FCE28627673D1000BD253F /* main.m in Sources */ = {isa = PBXBuildFile; fileRef = 65FCE28527673D1000BD253F /* main.m */; };
		65FCE28E27673D6D00BD253F /* ASObject.m in Sources */ = {isa = PBXBuildFile; fileRef = 65FCE28D27673D6D00BD253F /* ASObject.m */; };
/* End PBXBuildFile section */

/* Begin PBXFileReference section */
		652359E22769008A00EB4656 /* FirstClassObject.h */ = {isa = PBXFileReference; lastKnownFileType = sourcecode.c.h; path = FirstClassObject.h; sourceTree = "<group>"; };
		652359E32769008A00EB4656 /* FirstClassObject.m */ = {isa = PBXFileReference; lastKnownFileType = sourcecode.c.objc; path = FirstClassObject.m; sourceTree = "<group>"; };
		65FCE27827673D0F00BD253F /* ParametersTest.app */ = {isa = PBXFileReference; explicitFileType = wrapper.application; includeInIndex = 0; path = ParametersTest.app; sourceTree = BUILT_PRODUCTS_DIR; };
		65FCE27B27673D0F00BD253F /* AppDelegate.h */ = {isa = PBXFileReference; lastKnownFileType = sourcecode.c.h; path = AppDelegate.h; sourceTree = "<group>"; };
		65FCE27C27673D0F00BD253F /* AppDelegate.m */ = {isa = PBXFileReference; lastKnownFileType = sourcecode.c.objc; path = AppDelegate.m; sourceTree = "<group>"; };
		65FCE27E27673D0F00BD253F /* ContentView.swift */ = {isa = PBXFileReference; lastKnownFileType = sourcecode.swift; path = ContentView.swift; sourceTree = "<group>"; };
		65FCE28027673D1000BD253F /* Assets.xcassets */ = {isa = PBXFileReference; lastKnownFileType = folder.assetcatalog; path = Assets.xcassets; sourceTree = "<group>"; };
		65FCE28327673D1000BD253F /* Base */ = {isa = PBXFileReference; lastKnownFileType = file.storyboard; name = Base; path = Base.lproj/LaunchScreen.storyboard; sourceTree = "<group>"; };
		65FCE28527673D1000BD253F /* main.m */ = {isa = PBXFileReference; lastKnownFileType = sourcecode.c.objc; path = main.m; sourceTree = "<group>"; };
		65FCE28C27673D6D00BD253F /* ASObject.h */ = {isa = PBXFileReference; lastKnownFileType = sourcecode.c.h; path = ASObject.h; sourceTree = "<group>"; };
		65FCE28D27673D6D00BD253F /* ASObject.m */ = {isa = PBXFileReference; lastKnownFileType = sourcecode.c.objc; path = ASObject.m; sourceTree = "<group>"; };
/* End PBXFileReference section */

/* Begin PBXFrameworksBuildPhase section */
		65FCE27527673D0F00BD253F /* Frameworks */ = {
			isa = PBXFrameworksBuildPhase;
			buildActionMask = 2147483647;
			files = (
			);
			runOnlyForDeploymentPostprocessing = 0;
		};
/* End PBXFrameworksBuildPhase section */

/* Begin PBXGroup section */
		65FCE26F27673D0F00BD253F = {
			isa = PBXGroup;
			children = (
				65FCE27A27673D0F00BD253F /* ParametersTest */,
				65FCE27927673D0F00BD253F /* Products */,
			);
			sourceTree = "<group>";
		};
		65FCE27927673D0F00BD253F /* Products */ = {
			isa = PBXGroup;
			children = (
				65FCE27827673D0F00BD253F /* ParametersTest.app */,
			);
			name = Products;
			sourceTree = "<group>";
		};
		65FCE27A27673D0F00BD253F /* ParametersTest */ = {
			isa = PBXGroup;
			children = (
				652359E22769008A00EB4656 /* FirstClassObject.h */,
				652359E32769008A00EB4656 /* FirstClassObject.m */,
				65FCE28C27673D6D00BD253F /* ASObject.h */,
				65FCE28D27673D6D00BD253F /* ASObject.m */,
				65FCE27B27673D0F00BD253F /* AppDelegate.h */,
				65FCE27C27673D0F00BD253F /* AppDelegate.m */,
				65FCE27E27673D0F00BD253F /* ContentView.swift */,
				65FCE28027673D1000BD253F /* Assets.xcassets */,
				65FCE28227673D1000BD253F /* LaunchScreen.storyboard */,
				65FCE28527673D1000BD253F /* main.m */,
			);
			path = ParametersTest;
			sourceTree = "<group>";
		};
/* End PBXGroup section */

/* Begin PBXNativeTarget section */
		65FCE27727673D0F00BD253F /* ParametersTest */ = {
			isa = PBXNativeTarget;
			buildConfigurationList = 65FCE28927673D1000BD253F /* Build configuration list for PBXNativeTarget "ParametersTest" */;
			buildPhases = (
				65FCE27427673D0F00BD253F /* Sources */,
				65FCE27527673D0F00BD253F /* Frameworks */,
				65FCE27627673D0F00BD253F /* Resources */,
			);
			buildRules = (
			);
			dependencies = (
			);
			name = ParametersTest;
			productName = ParametersTest;
			productReference = 65FCE27827673D0F00BD253F /* ParametersTest.app */;
			productType = "com.apple.product-type.application";
		};
/* End PBXNativeTarget section */

/* Begin PBXProject section */
		65FCE27027673D0F00BD253F /* Project object */ = {
			isa = PBXProject;
			attributes = {
				BuildIndependentTargetsInParallel = 1;
				LastSwiftUpdateCheck = 1310;
				LastUpgradeCheck = 1310;
				TargetAttributes = {
					65FCE27727673D0F00BD253F = {
						CreatedOnToolsVersion = 13.1;
					};
				};
			};
			buildConfigurationList = 65FCE27327673D0F00BD253F /* Build configuration list for PBXProject "ParametersTest" */;
			compatibilityVersion = "Xcode 13.0";
			developmentRegion = en;
			hasScannedForEncodings = 0;
			knownRegions = (
				en,
				Base,
			);
			mainGroup = 65FCE26F27673D0F00BD253F;
			productRefGroup = 65FCE27927673D0F00BD253F /* Products */;
			projectDirPath = "";
			projectRoot = "";
			targets = (
				65FCE27727673D0F00BD253F /* ParametersTest */,
			);
		};
/* End PBXProject section */

/* Begin PBXResourcesBuildPhase section */
		65FCE27627673D0F00BD253F /* Resources */ = {
			isa = PBXResourcesBuildPhase;
			buildActionMask = 2147483647;
			files = (
				65FCE28127673D1000BD253F /* Assets.xcassets in Resources */,
				65FCE28427673D1000BD253F /* LaunchScreen.storyboard in Resources */,
			);
			runOnlyForDeploymentPostprocessing = 0;
		};
/* End PBXResourcesBuildPhase section */

/* Begin PBXSourcesBuildPhase section */
		65FCE27427673D0F00BD253F /* Sources */ = {
			isa = PBXSourcesBuildPhase;
			buildActionMask = 2147483647;
			files = (
				65FCE28E27673D6D00BD253F /* ASObject.m in Sources */,
				65FCE27F27673D0F00BD253F /* ContentView.swift in Sources */,
				65FCE28627673D1000BD253F /* main.m in Sources */,
				65FCE27D27673D0F00BD253F /* AppDelegate.m in Sources */,
				652359E42769008A00EB4656 /* FirstClassObject.m in Sources */,
			);
			runOnlyForDeploymentPostprocessing = 0;
		};
/* End PBXSourcesBuildPhase section */

/* Begin PBXVariantGroup section */
		65FCE28227673D1000BD253F /* LaunchScreen.storyboard */ = {
			isa = PBXVariantGroup;
			children = (
				65FCE28327673D1000BD253F /* Base */,
			);
			name = LaunchScreen.storyboard;
			sourceTree = "<group>";
		};
/* End PBXVariantGroup section */

/* Begin XCBuildConfiguration section */
		65FCE28727673D1000BD253F /* Debug */ = {
			isa = XCBuildConfiguration;
			buildSettings = {
				ALWAYS_SEARCH_USER_PATHS = NO;
				CLANG_ANALYZER_NONNULL = YES;
				CLANG_ANALYZER_NUMBER_OBJECT_CONVERSION = YES_AGGRESSIVE;
				CLANG_CXX_LANGUAGE_STANDARD = "gnu++17";
				CLANG_CXX_LIBRARY = "libc++";
				CLANG_ENABLE_MODULES = YES;
				CLANG_ENABLE_OBJC_ARC = YES;
				CLANG_ENABLE_OBJC_WEAK = YES;
				CLANG_WARN_BLOCK_CAPTURE_AUTORELEASING = YES;
				CLANG_WARN_BOOL_CONVERSION = YES;
				CLANG_WARN_COMMA = YES;
				CLANG_WARN_CONSTANT_CONVERSION = YES;
				CLANG_WARN_DEPRECATED_OBJC_IMPLEMENTATIONS = YES;
				CLANG_WARN_DIRECT_OBJC_ISA_USAGE = YES_ERROR;
				CLANG_WARN_DOCUMENTATION_COMMENTS = YES;
				CLANG_WARN_EMPTY_BODY = YES;
				CLANG_WARN_ENUM_CONVERSION = YES;
				CLANG_WARN_INFINITE_RECURSION = YES;
				CLANG_WARN_INT_CONVERSION = YES;
				CLANG_WARN_NON_LITERAL_NULL_CONVERSION = YES;
				CLANG_WARN_OBJC_IMPLICIT_RETAIN_SELF = YES;
				CLANG_WARN_OBJC_LITERAL_CONVERSION = YES;
				CLANG_WARN_OBJC_ROOT_CLASS = YES_ERROR;
				CLANG_WARN_QUOTED_INCLUDE_IN_FRAMEWORK_HEADER = YES;
				CLANG_WARN_RANGE_LOOP_ANALYSIS = YES;
				CLANG_WARN_STRICT_PROTOTYPES = YES;
				CLANG_WARN_SUSPICIOUS_MOVE = YES;
				CLANG_WARN_UNGUARDED_AVAILABILITY = YES_AGGRESSIVE;
				CLANG_WARN_UNREACHABLE_CODE = YES;
				CLANG_WARN__DUPLICATE_METHOD_MATCH = YES;
				COPY_PHASE_STRIP = NO;
				DEBUG_INFORMATION_FORMAT = dwarf;
				ENABLE_STRICT_OBJC_MSGSEND = YES;
				ENABLE_TESTABILITY = YES;
				GCC_C_LANGUAGE_STANDARD = gnu11;
				GCC_DYNAMIC_NO_PIC = NO;
				GCC_NO_COMMON_BLOCKS = YES;
				GCC_OPTIMIZATION_LEVEL = 0;
				GCC_PREPROCESSOR_DEFINITIONS = (
					"DEBUG=1",
					"$(inherited)",
				);
				GCC_WARN_64_TO_32_BIT_CONVERSION = YES;
				GCC_WARN_ABOUT_RETURN_TYPE = YES_ERROR;
				GCC_WARN_UNDECLARED_SELECTOR = YES;
				GCC_WARN_UNINITIALIZED_AUTOS = YES_AGGRESSIVE;
				GCC_WARN_UNUSED_FUNCTION = YES;
				GCC_WARN_UNUSED_VARIABLE = YES;
				IPHONEOS_DEPLOYMENT_TARGET = 15.0;
				MTL_ENABLE_DEBUG_INFO = INCLUDE_SOURCE;
				MTL_FAST_MATH = YES;
				ONLY_ACTIVE_ARCH = YES;
				SDKROOT = iphoneos;
			};
			name = Debug;
		};
		65FCE28827673D1000BD253F /* Release */ = {
			isa = XCBuildConfiguration;
			buildSettings = {
				ALWAYS_SEARCH_USER_PATHS = NO;
				CLANG_ANALYZER_NONNULL = YES;
				CLANG_ANALYZER_NUMBER_OBJECT_CONVERSION = YES_AGGRESSIVE;
				CLANG_CXX_LANGUAGE_STANDARD = "gnu++17";
				CLANG_CXX_LIBRARY = "libc++";
				CLANG_ENABLE_MODULES = YES;
				CLANG_ENABLE_OBJC_ARC = YES;
				CLANG_ENABLE_OBJC_WEAK = YES;
				CLANG_WARN_BLOCK_CAPTURE_AUTORELEASING = YES;
				CLANG_WARN_BOOL_CONVERSION = YES;
				CLANG_WARN_COMMA = YES;
				CLANG_WARN_CONSTANT_CONVERSION = YES;
				CLANG_WARN_DEPRECATED_OBJC_IMPLEMENTATIONS = YES;
				CLANG_WARN_DIRECT_OBJC_ISA_USAGE = YES_ERROR;
				CLANG_WARN_DOCUMENTATION_COMMENTS = YES;
				CLANG_WARN_EMPTY_BODY = YES;
				CLANG_WARN_ENUM_CONVERSION = YES;
				CLANG_WARN_INFINITE_RECURSION = YES;
				CLANG_WARN_INT_CONVERSION = YES;
				CLANG_WARN_NON_LITERAL_NULL_CONVERSION = YES;
				CLANG_WARN_OBJC_IMPLICIT_RETAIN_SELF = YES;
				CLANG_WARN_OBJC_LITERAL_CONVERSION = YES;
				CLANG_WARN_OBJC_ROOT_CLASS = YES_ERROR;
				CLANG_WARN_QUOTED_INCLUDE_IN_FRAMEWORK_HEADER = YES;
				CLANG_WARN_RANGE_LOOP_ANALYSIS = YES;
				CLANG_WARN_STRICT_PROTOTYPES = YES;
				CLANG_WARN_SUSPICIOUS_MOVE = YES;
				CLANG_WARN_UNGUARDED_AVAILABILITY = YES_AGGRESSIVE;
				CLANG_WARN_UNREACHABLE_CODE = YES;
				CLANG_WARN__DUPLICATE_METHOD_MATCH = YES;
				COPY_PHASE_STRIP = NO;
				DEBUG_INFORMATION_FORMAT = "dwarf-with-dsym";
				ENABLE_NS_ASSERTIONS = NO;
				ENABLE_STRICT_OBJC_MSGSEND = YES;
				GCC_C_LANGUAGE_STANDARD = gnu11;
				GCC_NO_COMMON_BLOCKS = YES;
				GCC_WARN_64_TO_32_BIT_CONVERSION = YES;
				GCC_WARN_ABOUT_RETURN_TYPE = YES_ERROR;
				GCC_WARN_UNDECLARED_SELECTOR = YES;
				GCC_WARN_UNINITIALIZED_AUTOS = YES_AGGRESSIVE;
				GCC_WARN_UNUSED_FUNCTION = YES;
				GCC_WARN_UNUSED_VARIABLE = YES;
				IPHONEOS_DEPLOYMENT_TARGET = 15.0;
				MTL_ENABLE_DEBUG_INFO = NO;
				MTL_FAST_MATH = YES;
				SDKROOT = iphoneos;
				VALIDATE_PRODUCT = YES;
			};
			name = Release;
		};
		65FCE28A27673D1000BD253F /* Debug */ = {
			isa = XCBuildConfiguration;
			buildSettings = {
				ASSETCATALOG_COMPILER_APPICON_NAME = AppIcon;
				ASSETCATALOG_COMPILER_GLOBAL_ACCENT_COLOR_NAME = AccentColor;
				CODE_SIGN_STYLE = Automatic;
				CURRENT_PROJECT_VERSION = 1;
				DEVELOPMENT_TEAM = 35GNV8QGFK;
				GENERATE_INFOPLIST_FILE = YES;
				INFOPLIST_KEY_UIApplicationSupportsIndirectInputEvents = YES;
				INFOPLIST_KEY_UILaunchStoryboardName = LaunchScreen;
				INFOPLIST_KEY_UISupportedInterfaceOrientations_iPad = "UIInterfaceOrientationPortrait UIInterfaceOrientationPortraitUpsideDown UIInterfaceOrientationLandscapeLeft UIInterfaceOrientationLandscapeRight";
				INFOPLIST_KEY_UISupportedInterfaceOrientations_iPhone = "UIInterfaceOrientationPortrait UIInterfaceOrientationLandscapeLeft UIInterfaceOrientationLandscapeRight";
				LD_RUNPATH_SEARCH_PATHS = (
					"$(inherited)",
					"@executable_path/Frameworks",
				);
				MARKETING_VERSION = 1.0;
				PRODUCT_BUNDLE_IDENTIFIER = "Dmitrii-Shirvanian.ParametersTest";
				PRODUCT_NAME = "$(TARGET_NAME)";
				SWIFT_EMIT_LOC_STRINGS = YES;
				SWIFT_VERSION = 5.0;
				TARGETED_DEVICE_FAMILY = "1,2";
			};
			name = Debug;
		};
		65FCE28B27673D1000BD253F /* Release */ = {
			isa = XCBuildConfiguration;
			buildSettings = {
				ASSETCATALOG_COMPILER_APPICON_NAME = AppIcon;
				ASSETCATALOG_COMPILER_GLOBAL_ACCENT_COLOR_NAME = AccentColor;
				CODE_SIGN_STYLE = Automatic;
				CURRENT_PROJECT_VERSION = 1;
				DEVELOPMENT_TEAM = 35GNV8QGFK;
				GENERATE_INFOPLIST_FILE = YES;
				INFOPLIST_KEY_UIApplicationSupportsIndirectInputEvents = YES;
				INFOPLIST_KEY_UILaunchStoryboardName = LaunchScreen;
				INFOPLIST_KEY_UISupportedInterfaceOrientations_iPad = "UIInterfaceOrientationPortrait UIInterfaceOrientationPortraitUpsideDown UIInterfaceOrientationLandscapeLeft UIInterfaceOrientationLandscapeRight";
				INFOPLIST_KEY_UISupportedInterfaceOrientations_iPhone = "UIInterfaceOrientationPortrait UIInterfaceOrientationLandscapeLeft UIInterfaceOrientationLandscapeRight";
				LD_RUNPATH_SEARCH_PATHS = (
					"$(inherited)",
					"@executable_path/Frameworks",
				);
				MARKETING_VERSION = 1.0;
				PRODUCT_BUNDLE_IDENTIFIER = "Dmitrii-Shirvanian.ParametersTest";
				PRODUCT_NAME = "$(TARGET_NAME)";
				SWIFT_EMIT_LOC_STRINGS = YES;
				SWIFT_VERSION = 5.0;
				TARGETED_DEVICE_FAMILY = "1,2";
			};
			name = Release;
		};
/* End XCBuildConfiguration section */

/* Begin XCConfigurationList section */
		65FCE27327673D0F00BD253F /* Build configuration list for PBXProject "ParametersTest" */ = {
			isa = XCConfigurationList;
			buildConfigurations = (
				65FCE28727673D1000BD253F /* Debug */,
				65FCE28827673D1000BD253F /* Release */,
			);
			defaultConfigurationIsVisible = 0;
			defaultConfigurationName = Release;
		};
		65FCE28927673D1000BD253F /* Build configuration list for PBXNativeTarget "ParametersTest" */ = {
			isa = XCConfigurationList;
			buildConfigurations = (
				65FCE28A27673D1000BD253F /* Debug */,
				65FCE28B27673D1000BD253F /* Release */,
			);
			defaultConfigurationIsVisible = 0;
			defaultConfigurationName = Release;
		};
/* End XCConfigurationList section */
	};
	rootObject = 65FCE27027673D0F00BD253F /* Project object */;
}
